
Microsoft Visual Studio Solution File, Format Version 12.00
# Visual Studio Version 17
VisualStudioVersion = 17.0.31903.59
MinimumVisualStudioVersion = 10.0.40219.1
Project("{2150E333-8FDC-42A3-9474-1A3956D46DE8}") = "src", "src", "{B0921FA1-B774-44BA-BD61-A6D44460D374}"
EndProject
Project("{FAE04EC0-301F-11D3-BF4B-00C04F79EFBC}") = "Sigilus.Core", "src\Sigilus.Core\Sigilus.Core.csproj", "{772124E2-99AB-48A3-BD14-A66E86EAC0F0}"
EndProject
Project("{FAE04EC0-301F-11D3-BF4B-00C04F79EFBC}") = "Sigilus.Pdf", "src\Sigilus.Pdf\Sigilus.Pdf.csproj", "{D253D98E-728D-48EC-9B25-E7684B1D1B70}"
EndProject
Project("{FAE04EC0-301F-11D3-BF4B-00C04F79EFBC}") = "Sigilus.Ocr", "src\Sigilus.Ocr\Sigilus.Ocr.csproj", "{65F146CC-BA13-400F-A32B-BB0246C76FC7}"
EndProject
Project("{FAE04EC0-301F-11D3-BF4B-00C04F79EFBC}") = "Sigilus.Detection", "src\Sigilus.Detection\Sigilus.Detection.csproj", "{37FA33CE-60C2-4A9E-8FAB-356FB6B8ECE4}"
EndProject
Project("{FAE04EC0-301F-11D3-BF4B-00C04F79EFBC}") = "Sigilus.Detection.Onnx", "src\Sigilus.Detection.Onnx\Sigilus.Detection.Onnx.csproj", "{5447C57D-7490-4E9B-A3DD-1B6D1311431F}"
EndProject
Project("{FAE04EC0-301F-11D3-BF4B-00C04F79EFBC}") = "Sigilus.Ui.Wpf", "src\Sigilus.Ui.Wpf\Sigilus.Ui.Wpf.csproj", "{C20A6D28-C85B-46DC-AE20-9F4637B1C01E}"
EndProject
Project("{FAE04EC0-301F-11D3-BF4B-00C04F79EFBC}") = "Sigilus.Cli", "src\Sigilus.Cli\Sigilus.Cli.csproj", "{F7BC949B-9C9C-4DF6-AA50-70DBF49DD06A}"
EndProject
Project("{2150E333-8FDC-42A3-9474-1A3956D46DE8}") = "tests", "tests", "{212EB71C-19A2-46B2-8AC2-785FE7E9EC92}"
EndProject
Project("{FAE04EC0-301F-11D3-BF4B-00C04F79EFBC}") = "Sigilus.Core.Tests", "tests\Sigilus.Core.Tests\Sigilus.Core.Tests.csproj", "{09347862-0824-43ED-9B4B-5DF752FDC7DF}"
EndProject
Project("{FAE04EC0-301F-11D3-BF4B-00C04F79EFBC}") = "Sigilus.Pdf.Tests", "tests\Sigilus.Pdf.Tests\Sigilus.Pdf.Tests.csproj", "{1583050C-A9A5-462B-A2EF-99CFB9D40A1A}"
EndProject
Project("{FAE04EC0-301F-11D3-BF4B-00C04F79EFBC}") = "Sigilus.Detection.Tests", "tests\Sigilus.Detection.Tests\Sigilus.Detection.Tests.csproj", "{8DFED629-5E49-4F02-891D-F63E555FC2DF}"
EndProject
Project("{FAE04EC0-301F-11D3-BF4B-00C04F79EFBC}") = "Sigilus.E2E.Tests", "tests\Sigilus.E2E.Tests\Sigilus.E2E.Tests.csproj", "{CA569406-C223-4115-AA74-99BC93DA8D45}"
EndProject
Project("{FAE04EC0-301F-11D3-BF4B-00C04F79EFBC}") = "Sigilus.Detection.Llm", "src\Sigilus.Detection.Llm\Sigilus.Detection.Llm.csproj", "{8FC71606-AFB3-4D77-A83B-F10E5C42C067}"
EndProject
Global
	GlobalSection(SolutionConfigurationPlatforms) = preSolution
		Debug|Any CPU = Debug|Any CPU
		Release|Any CPU = Release|Any CPU
	EndGlobalSection
	GlobalSection(SolutionProperties) = preSolution
		HideSolutionNode = FALSE
	EndGlobalSection
	GlobalSection(ProjectConfigurationPlatforms) = postSolution
		{772124E2-99AB-48A3-BD14-A66E86EAC0F0}.Debug|Any CPU.ActiveCfg = Debug|Any CPU
		{772124E2-99AB-48A3-BD14-A66E86EAC0F0}.Debug|Any CPU.Build.0 = Debug|Any CPU
		{772124E2-99AB-48A3-BD14-A66E86EAC0F0}.Release|Any CPU.ActiveCfg = Release|Any CPU
		{772124E2-99AB-48A3-BD14-A66E86EAC0F0}.Release|Any CPU.Build.0 = Release|Any CPU
		{D253D98E-728D-48EC-9B25-E7684B1D1B70}.Debug|Any CPU.ActiveCfg = Debug|Any CPU
		{D253D98E-728D-48EC-9B25-E7684B1D1B70}.Debug|Any CPU.Build.0 = Debug|Any CPU
		{D253D98E-728D-48EC-9B25-E7684B1D1B70}.Release|Any CPU.ActiveCfg = Release|Any CPU
		{D253D98E-728D-48EC-9B25-E7684B1D1B70}.Release|Any CPU.Build.0 = Release|Any CPU
		{65F146CC-BA13-400F-A32B-BB0246C76FC7}.Debug|Any CPU.ActiveCfg = Debug|Any CPU
		{65F146CC-BA13-400F-A32B-BB0246C76FC7}.Debug|Any CPU.Build.0 = Debug|Any CPU
		{65F146CC-BA13-400F-A32B-BB0246C76FC7}.Release|Any CPU.ActiveCfg = Release|Any CPU
		{65F146CC-BA13-400F-A32B-BB0246C76FC7}.Release|Any CPU.Build.0 = Release|Any CPU
		{37FA33CE-60C2-4A9E-8FAB-356FB6B8ECE4}.Debug|Any CPU.ActiveCfg = Debug|Any CPU
		{37FA33CE-60C2-4A9E-8FAB-356FB6B8ECE4}.Debug|Any CPU.Build.0 = Debug|Any CPU
		{37FA33CE-60C2-4A9E-8FAB-356FB6B8ECE4}.Release|Any CPU.ActiveCfg = Release|Any CPU
		{37FA33CE-60C2-4A9E-8FAB-356FB6B8ECE4}.Release|Any CPU.Build.0 = Release|Any CPU
		{5447C57D-7490-4E9B-A3DD-1B6D1311431F}.Debug|Any CPU.ActiveCfg = Debug|Any CPU
		{5447C57D-7490-4E9B-A3DD-1B6D1311431F}.Debug|Any CPU.Build.0 = Debug|Any CPU
		{5447C57D-7490-4E9B-A3DD-1B6D1311431F}.Release|Any CPU.ActiveCfg = Release|Any CPU
		{5447C57D-7490-4E9B-A3DD-1B6D1311431F}.Release|Any CPU.Build.0 = Release|Any CPU
		{C20A6D28-C85B-46DC-AE20-9F4637B1C01E}.Debug|Any CPU.ActiveCfg = Debug|Any CPU
		{C20A6D28-C85B-46DC-AE20-9F4637B1C01E}.Debug|Any CPU.Build.0 = Debug|Any CPU
		{C20A6D28-C85B-46DC-AE20-9F4637B1C01E}.Release|Any CPU.ActiveCfg = Release|Any CPU
		{C20A6D28-C85B-46DC-AE20-9F4637B1C01E}.Release|Any CPU.Build.0 = Release|Any CPU
		{F7BC949B-9C9C-4DF6-AA50-70DBF49DD06A}.Debug|Any CPU.ActiveCfg = Debug|Any CPU
		{F7BC949B-9C9C-4DF6-AA50-70DBF49DD06A}.Debug|Any CPU.Build.0 = Debug|Any CPU
		{F7BC949B-9C9C-4DF6-AA50-70DBF49DD06A}.Release|Any CPU.ActiveCfg = Release|Any CPU
		{F7BC949B-9C9C-4DF6-AA50-70DBF49DD06A}.Release|Any CPU.Build.0 = Release|Any CPU
		{09347862-0824-43ED-9B4B-5DF752FDC7DF}.Debug|Any CPU.ActiveCfg = Debug|Any CPU
		{09347862-0824-43ED-9B4B-5DF752FDC7DF}.Debug|Any CPU.Build.0 = Debug|Any CPU
		{09347862-0824-43ED-9B4B-5DF752FDC7DF}.Release|Any CPU.ActiveCfg = Release|Any CPU
		{09347862-0824-43ED-9B4B-5DF752FDC7DF}.Release|Any CPU.Build.0 = Release|Any CPU
		{1583050C-A9A5-462B-A2EF-99CFB9D40A1A}.Debug|Any CPU.ActiveCfg = Debug|Any CPU
		{1583050C-A9A5-462B-A2EF-99CFB9D40A1A}.Debug|Any CPU.Build.0 = Debug|Any CPU
		{1583050C-A9A5-462B-A2EF-99CFB9D40A1A}.Release|Any CPU.ActiveCfg = Release|Any CPU
		{1583050C-A9A5-462B-A2EF-99CFB9D40A1A}.Release|Any CPU.Build.0 = Release|Any CPU
		{8DFED629-5E49-4F02-891D-F63E555FC2DF}.Debug|Any CPU.ActiveCfg = Debug|Any CPU
		{8DFED629-5E49-4F02-891D-F63E555FC2DF}.Debug|Any CPU.Build.0 = Debug|Any CPU
		{8DFED629-5E49-4F02-891D-F63E555FC2DF}.Release|Any CPU.ActiveCfg = Release|Any CPU
		{8DFED629-5E49-4F02-891D-F63E555FC2DF}.Release|Any CPU.Build.0 = Release|Any CPU
		{CA569406-C223-4115-AA74-99BC93DA8D45}.Debug|Any CPU.ActiveCfg = Debug|Any CPU
		{CA569406-C223-4115-AA74-99BC93DA8D45}.Debug|Any CPU.Build.0 = Debug|Any CPU
		{CA569406-C223-4115-AA74-99BC93DA8D45}.Release|Any CPU.ActiveCfg = Release|Any CPU
		{CA569406-C223-4115-AA74-99BC93DA8D45}.Release|Any CPU.Build.0 = Release|Any CPU
		{8FC71606-AFB3-4D77-A83B-F10E5C42C067}.Debug|Any CPU.ActiveCfg = Debug|Any CPU
		{8FC71606-AFB3-4D77-A83B-F10E5C42C067}.Debug|Any CPU.Build.0 = Debug|Any CPU
		{8FC71606-AFB3-4D77-A83B-F10E5C42C067}.Release|Any CPU.ActiveCfg = Release|Any CPU
		{8FC71606-AFB3-4D77-A83B-F10E5C42C067}.Release|Any CPU.Build.0 = Release|Any CPU
	EndGlobalSection
	GlobalSection(NestedProjects) = preSolution
		{772124E2-99AB-48A3-BD14-A66E86EAC0F0} = {B0921FA1-B774-44BA-BD61-A6D44460D374}
		{D253D98E-728D-48EC-9B25-E7684B1D1B70} = {B0921FA1-B774-44BA-BD61-A6D44460D374}
		{65F146CC-BA13-400F-A32B-BB0246C76FC7} = {B0921FA1-B774-44BA-BD61-A6D44460D374}
		{37FA33CE-60C2-4A9E-8FAB-356FB6B8ECE4} = {B0921FA1-B774-44BA-BD61-A6D44460D374}
		{5447C57D-7490-4E9B-A3DD-1B6D1311431F} = {B0921FA1-B774-44BA-BD61-A6D44460D374}
		{C20A6D28-C85B-46DC-AE20-9F4637B1C01E} = {B0921FA1-B774-44BA-BD61-A6D44460D374}
		{F7BC949B-9C9C-4DF6-AA50-70DBF49DD06A} = {B0921FA1-B774-44BA-BD61-A6D44460D374}
		{09347862-0824-43ED-9B4B-5DF752FDC7DF} = {212EB71C-19A2-46B2-8AC2-785FE7E9EC92}
		{1583050C-A9A5-462B-A2EF-99CFB9D40A1A} = {212EB71C-19A2-46B2-8AC2-785FE7E9EC92}
		{8DFED629-5E49-4F02-891D-F63E555FC2DF} = {212EB71C-19A2-46B2-8AC2-785FE7E9EC92}
		{CA569406-C223-4115-AA74-99BC93DA8D45} = {212EB71C-19A2-46B2-8AC2-785FE7E9EC92}
		{8FC71606-AFB3-4D77-A83B-F10E5C42C067} = {B0921FA1-B774-44BA-BD61-A6D44460D374}
	EndGlobalSection
EndGlobal
